
Microsoft Visual Studio Solution File, Format Version 12.00
# Visual Studio Version 17
VisualStudioVersion = 17.14.36017.23 d17.14
MinimumVisualStudioVersion = 10.0.40219.1
Project("{FAE04EC0-301F-11D3-BF4B-00C04F79EFBC}") = "AmazonProductBrandCheck", "AmazonProductBrandCheck\AmazonProductBrandCheck.csproj", "{4795CCEE-7ED4-4C0E-B712-91B7A7B0DFA0}"
EndProject
Global
	GlobalSection(SolutionConfigurationPlatforms) = preSolution
		Debug|Any CPU = Debug|Any CPU
		Release|Any CPU = Release|Any CPU
	EndGlobalSection
	GlobalSection(ProjectConfigurationPlatforms) = postSolution
		{4795CCEE-7ED4-4C0E-B712-91B7A7B0DFA0}.Debug|Any CPU.ActiveCfg = Debug|Any CPU
		{4795CCEE-7ED4-4C0E-B712-91B7A7B0DFA0}.Debug|Any CPU.Build.0 = Debug|Any CPU
		{4795CCEE-7ED4-4C0E-B712-91B7A7B0DFA0}.Release|Any CPU.ActiveCfg = Release|Any CPU
		{4795CCEE-7ED4-4C0E-B712-91B7A7B0DFA0}.Release|Any CPU.Build.0 = Release|Any CPU
	EndGlobalSection
	GlobalSection(SolutionProperties) = preSolution
		HideSolutionNode = FALSE
	EndGlobalSection
	GlobalSection(ExtensibilityGlobals) = postSolution
		SolutionGuid = {F181F807-FF3E-428C-8620-AB8D3AB0FCF0}
	EndGlobalSection
EndGlobal
